// !$*UTF8*$!
{
	archiveVersion = 1;
	classes = {
	};
	objectVersion = 55;
	objects = {

/* Begin PBXBuildFile section */
		FF4F45EA270C0ADB00C3A4D3 /* AppDelegate.swift in Sources */ = {isa = PBXBuildFile; fileRef = FF4F45E9270C0ADB00C3A4D3 /* AppDelegate.swift */; };
		FF4F45EC270C0ADB00C3A4D3 /* SceneDelegate.swift in Sources */ = {isa = PBXBuildFile; fileRef = FF4F45EB270C0ADB00C3A4D3 /* SceneDelegate.swift */; };
		FF4F45EE270C0ADB00C3A4D3 /* ViewController.swift in Sources */ = {isa = PBXBuildFile; fileRef = FF4F45ED270C0ADB00C3A4D3 /* ViewController.swift */; };
		FF4F45F1270C0ADB00C3A4D3 /* Main.storyboard in Resources */ = {isa = PBXBuildFile; fileRef = FF4F45EF270C0ADB00C3A4D3 /* Main.storyboard */; };
		FF4F45F3270C0ADD00C3A4D3 /* Assets.xcassets in Resources */ = {isa = PBXBuildFile; fileRef = FF4F45F2270C0ADD00C3A4D3 /* Assets.xcassets */; };
		FF4F45F6270C0ADD00C3A4D3 /* LaunchScreen.storyboard in Resources */ = {isa = PBXBuildFile; fileRef = FF4F45F4270C0ADD00C3A4D3 /* LaunchScreen.storyboard */; };
		FF4F4601270D354E00C3A4D3 /* Todo.swift in Sources */ = {isa = PBXBuildFile; fileRef = FF4F4600270D354E00C3A4D3 /* Todo.swift */; };
/* End PBXBuildFile section */

/* Begin PBXFileReference section */
		FF4F45E6270C0ADB00C3A4D3 /* Practice-Problem.app */ = {isa = PBXFileReference; explicitFileType = wrapper.application; includeInIndex = 0; path = "Practice-Problem.app"; sourceTree = BUILT_PRODUCTS_DIR; };
		FF4F45E9270C0ADB00C3A4D3 /* AppDelegate.swift */ = {isa = PBXFileReference; lastKnownFileType = sourcecode.swift; path = AppDelegate.swift; sourceTree = "<group>"; };
		FF4F45EB270C0ADB00C3A4D3 /* SceneDelegate.swift */ = {isa = PBXFileReference; lastKnownFileType = sourcecode.swift; path = SceneDelegate.swift; sourceTree = "<group>"; };
		FF4F45ED270C0ADB00C3A4D3 /* ViewController.swift */ = {isa = PBXFileReference; lastKnownFileType = sourcecode.swift; path = ViewController.swift; sourceTree = "<group>"; };
		FF4F45F0270C0ADB00C3A4D3 /* Base */ = {isa = PBXFileReference; lastKnownFileType = file.storyboard; name = Base; path = Base.lproj/Main.storyboard; sourceTree = "<group>"; };
		FF4F45F2270C0ADD00C3A4D3 /* Assets.xcassets */ = {isa = PBXFileReference; lastKnownFileType = folder.assetcatalog; path = Assets.xcassets; sourceTree = "<group>"; };
		FF4F45F5270C0ADD00C3A4D3 /* Base */ = {isa = PBXFileReference; lastKnownFileType = file.storyboard; name = Base; path = Base.lproj/LaunchScreen.storyboard; sourceTree = "<group>"; };
		FF4F45F7270C0ADD00C3A4D3 /* Info.plist */ = {isa = PBXFileReference; lastKnownFileType = text.plist.xml; path = Info.plist; sourceTree = "<group>"; };
		FF4F4600270D354E00C3A4D3 /* Todo.swift */ = {isa = PBXFileReference; lastKnownFileType = sourcecode.swift; path = Todo.swift; sourceTree = "<group>"; };
/* End PBXFileReference section */

/* Begin PBXFrameworksBuildPhase section */
		FF4F45E3270C0ADB00C3A4D3 /* Frameworks */ = {
			isa = PBXFrameworksBuildPhase;
			buildActionMask = 2147483647;
			files = (
			);
			runOnlyForDeploymentPostprocessing = 0;
		};
/* End PBXFrameworksBuildPhase section */

/* Begin PBXGroup section */
		FF4F45DD270C0ADB00C3A4D3 = {
			isa = PBXGroup;
			children = (
				FF4F45E8270C0ADB00C3A4D3 /* Practice-Problem */,
				FF4F45E7270C0ADB00C3A4D3 /* Products */,
			);
			sourceTree = "<group>";
		};
		FF4F45E7270C0ADB00C3A4D3 /* Products */ = {
			isa = PBXGroup;
			children = (
				FF4F45E6270C0ADB00C3A4D3 /* Practice-Problem.app */,
			);
			name = Products;
			sourceTree = "<group>";
		};
		FF4F45E8270C0ADB00C3A4D3 /* Practice-Problem */ = {
			isa = PBXGroup;
			children = (
				FF4F45FD270D33EB00C3A4D3 /* Models */,
				FF4F45FF270D33FB00C3A4D3 /* Views */,
				FF4F45FE270D33F200C3A4D3 /* View Controllers */,
				FF4F45E9270C0ADB00C3A4D3 /* AppDelegate.swift */,
				FF4F45EB270C0ADB00C3A4D3 /* SceneDelegate.swift */,
				FF4F45F2270C0ADD00C3A4D3 /* Assets.xcassets */,
				FF4F45F4270C0ADD00C3A4D3 /* LaunchScreen.storyboard */,
				FF4F45F7270C0ADD00C3A4D3 /* Info.plist */,
			);
			path = "Practice-Problem";
			sourceTree = "<group>";
		};
		FF4F45FD270D33EB00C3A4D3 /* Models */ = {
			isa = PBXGroup;
			children = (
				FF4F4600270D354E00C3A4D3 /* Todo.swift */,
			);
			path = Models;
			sourceTree = "<group>";
		};
		FF4F45FE270D33F200C3A4D3 /* View Controllers */ = {
			isa = PBXGroup;
			children = (
				FF4F45ED270C0ADB00C3A4D3 /* ViewController.swift */,
			);
			path = "View Controllers";
			sourceTree = "<group>";
		};
		FF4F45FF270D33FB00C3A4D3 /* Views */ = {
			isa = PBXGroup;
			children = (
				FF4F45EF270C0ADB00C3A4D3 /* Main.storyboard */,
			);
			path = Views;
			sourceTree = "<group>";
		};
/* End PBXGroup section */

/* Begin PBXNativeTarget section */
		FF4F45E5270C0ADB00C3A4D3 /* Practice-Problem */ = {
			isa = PBXNativeTarget;
			buildConfigurationList = FF4F45FA270C0ADD00C3A4D3 /* Build configuration list for PBXNativeTarget "Practice-Problem" */;
			buildPhases = (
				FF4F45E2270C0ADB00C3A4D3 /* Sources */,
				FF4F45E3270C0ADB00C3A4D3 /* Frameworks */,
				FF4F45E4270C0ADB00C3A4D3 /* Resources */,
			);
			buildRules = (
			);
			dependencies = (
			);
			name = "Practice-Problem";
			productName = "Practice-Problem";
			productReference = FF4F45E6270C0ADB00C3A4D3 /* Practice-Problem.app */;
			productType = "com.apple.product-type.application";
		};
/* End PBXNativeTarget section */

/* Begin PBXProject section */
		FF4F45DE270C0ADB00C3A4D3 /* Project object */ = {
			isa = PBXProject;
			attributes = {
				BuildIndependentTargetsInParallel = 1;
				LastSwiftUpdateCheck = 1300;
				LastUpgradeCheck = 1300;
				TargetAttributes = {
					FF4F45E5270C0ADB00C3A4D3 = {
						CreatedOnToolsVersion = 13.0;
					};
				};
			};
			buildConfigurationList = FF4F45E1270C0ADB00C3A4D3 /* Build configuration list for PBXProject "Practice-Problem" */;
			compatibilityVersion = "Xcode 13.0";
			developmentRegion = en;
			hasScannedForEncodings = 0;
			knownRegions = (
				en,
				Base,
			);
			mainGroup = FF4F45DD270C0ADB00C3A4D3;
			productRefGroup = FF4F45E7270C0ADB00C3A4D3 /* Products */;
			projectDirPath = "";
			projectRoot = "";
			targets = (
				FF4F45E5270C0ADB00C3A4D3 /* Practice-Problem */,
			);
		};
/* End PBXProject section */

/* Begin PBXResourcesBuildPhase section */
		FF4F45E4270C0ADB00C3A4D3 /* Resources */ = {
			isa = PBXResourcesBuildPhase;
			buildActionMask = 2147483647;
			files = (
				FF4F45F6270C0ADD00C3A4D3 /* LaunchScreen.storyboard in Resources */,
				FF4F45F3270C0ADD00C3A4D3 /* Assets.xcassets in Resources */,
				FF4F45F1270C0ADB00C3A4D3 /* Main.storyboard in Resources */,
			);
			runOnlyForDeploymentPostprocessing = 0;
		};
/* End PBXResourcesBuildPhase section */

/* Begin PBXSourcesBuildPhase section */
		FF4F45E2270C0ADB00C3A4D3 /* Sources */ = {
			isa = PBXSourcesBuildPhase;
			buildActionMask = 2147483647;
			files = (
				FF4F45EE270C0ADB00C3A4D3 /* ViewController.swift in Sources */,
				FF4F45EA270C0ADB00C3A4D3 /* AppDelegate.swift in Sources */,
				FF4F45EC270C0ADB00C3A4D3 /* SceneDelegate.swift in Sources */,
				FF4F4601270D354E00C3A4D3 /* Todo.swift in Sources */,
			);
			runOnlyForDeploymentPostprocessing = 0;
		};
/* End PBXSourcesBuildPhase section */

/* Begin PBXVariantGroup section */
		FF4F45EF270C0ADB00C3A4D3 /* Main.storyboard */ = {
			isa = PBXVariantGroup;
			children = (
				FF4F45F0270C0ADB00C3A4D3 /* Base */,
			);
			name = Main.storyboard;
			sourceTree = "<group>";
		};
		FF4F45F4270C0ADD00C3A4D3 /* LaunchScreen.storyboard */ = {
			isa = PBXVariantGroup;
			children = (
				FF4F45F5270C0ADD00C3A4D3 /* Base */,
			);
			name = LaunchScreen.storyboard;
			sourceTree = "<group>";
		};
/* End PBXVariantGroup section */

/* Begin XCBuildConfiguration section */
		FF4F45F8270C0ADD00C3A4D3 /* Debug */ = {
			isa = XCBuildConfiguration;
			buildSettings = {
				ALWAYS_SEARCH_USER_PATHS = NO;
				CLANG_ANALYZER_NONNULL = YES;
				CLANG_ANALYZER_NUMBER_OBJECT_CONVERSION = YES_AGGRESSIVE;
				CLANG_CXX_LANGUAGE_STANDARD = "gnu++17";
				CLANG_CXX_LIBRARY = "libc++";
				CLANG_ENABLE_MODULES = YES;
				CLANG_ENABLE_OBJC_ARC = YES;
				CLANG_ENABLE_OBJC_WEAK = YES;
				CLANG_WARN_BLOCK_CAPTURE_AUTORELEASING = YES;
				CLANG_WARN_BOOL_CONVERSION = YES;
				CLANG_WARN_COMMA = YES;
				CLANG_WARN_CONSTANT_CONVERSION = YES;
				CLANG_WARN_DEPRECATED_OBJC_IMPLEMENTATIONS = YES;
				CLANG_WARN_DIRECT_OBJC_ISA_USAGE = YES_ERROR;
				CLANG_WARN_DOCUMENTATION_COMMENTS = YES;
				CLANG_WARN_EMPTY_BODY = YES;
				CLANG_WARN_ENUM_CONVERSION = YES;
				CLANG_WARN_INFINITE_RECURSION = YES;
				CLANG_WARN_INT_CONVERSION = YES;
				CLANG_WARN_NON_LITERAL_NULL_CONVERSION = YES;
				CLANG_WARN_OBJC_IMPLICIT_RETAIN_SELF = YES;
				CLANG_WARN_OBJC_LITERAL_CONVERSION = YES;
				CLANG_WARN_OBJC_ROOT_CLASS = YES_ERROR;
				CLANG_WARN_QUOTED_INCLUDE_IN_FRAMEWORK_HEADER = YES;
				CLANG_WARN_RANGE_LOOP_ANALYSIS = YES;
				CLANG_WARN_STRICT_PROTOTYPES = YES;
				CLANG_WARN_SUSPICIOUS_MOVE = YES;
				CLANG_WARN_UNGUARDED_AVAILABILITY = YES_AGGRESSIVE;
				CLANG_WARN_UNREACHABLE_CODE = YES;
				CLANG_WARN__DUPLICATE_METHOD_MATCH = YES;
				COPY_PHASE_STRIP = NO;
				DEBUG_INFORMATION_FORMAT = dwarf;
				ENABLE_STRICT_OBJC_MSGSEND = YES;
				ENABLE_TESTABILITY = YES;
				GCC_C_LANGUAGE_STANDARD = gnu11;
				GCC_DYNAMIC_NO_PIC = NO;
				GCC_NO_COMMON_BLOCKS = YES;
				GCC_OPTIMIZATION_LEVEL = 0;
				GCC_PREPROCESSOR_DEFINITIONS = (
					"DEBUG=1",
					"$(inherited)",
				);
				GCC_WARN_64_TO_32_BIT_CONVERSION = YES;
				GCC_WARN_ABOUT_RETURN_TYPE = YES_ERROR;
				GCC_WARN_UNDECLARED_SELECTOR = YES;
				GCC_WARN_UNINITIALIZED_AUTOS = YES_AGGRESSIVE;
				GCC_WARN_UNUSED_FUNCTION = YES;
				GCC_WARN_UNUSED_VARIABLE = YES;
				IPHONEOS_DEPLOYMENT_TARGET = 15.0;
				MTL_ENABLE_DEBUG_INFO = INCLUDE_SOURCE;
				MTL_FAST_MATH = YES;
				ONLY_ACTIVE_ARCH = YES;
				SDKROOT = iphoneos;
				SWIFT_ACTIVE_COMPILATION_CONDITIONS = DEBUG;
				SWIFT_OPTIMIZATION_LEVEL = "-Onone";
			};
			name = Debug;
		};
		FF4F45F9270C0ADD00C3A4D3 /* Release */ = {
			isa = XCBuildConfiguration;
			buildSettings = {
				ALWAYS_SEARCH_USER_PATHS = NO;
				CLANG_ANALYZER_NONNULL = YES;
				CLANG_ANALYZER_NUMBER_OBJECT_CONVERSION = YES_AGGRESSIVE;
				CLANG_CXX_LANGUAGE_STANDARD = "gnu++17";
				CLANG_CXX_LIBRARY = "libc++";
				CLANG_ENABLE_MODULES = YES;
				CLANG_ENABLE_OBJC_ARC = YES;
				CLANG_ENABLE_OBJC_WEAK = YES;
				CLANG_WARN_BLOCK_CAPTURE_AUTORELEASING = YES;
				CLANG_WARN_BOOL_CONVERSION = YES;
				CLANG_WARN_COMMA = YES;
				CLANG_WARN_CONSTANT_CONVERSION = YES;
				CLANG_WARN_DEPRECATED_OBJC_IMPLEMENTATIONS = YES;
				CLANG_WARN_DIRECT_OBJC_ISA_USAGE = YES_ERROR;
				CLANG_WARN_DOCUMENTATION_COMMENTS = YES;
				CLANG_WARN_EMPTY_BODY = YES;
				CLANG_WARN_ENUM_CONVERSION = YES;
				CLANG_WARN_INFINITE_RECURSION = YES;
				CLANG_WARN_INT_CONVERSION = YES;
				CLANG_WARN_NON_LITERAL_NULL_CONVERSION = YES;
				CLANG_WARN_OBJC_IMPLICIT_RETAIN_SELF = YES;
				CLANG_WARN_OBJC_LITERAL_CONVERSION = YES;
				CLANG_WARN_OBJC_ROOT_CLASS = YES_ERROR;
				CLANG_WARN_QUOTED_INCLUDE_IN_FRAMEWORK_HEADER = YES;
				CLANG_WARN_RANGE_LOOP_ANALYSIS = YES;
				CLANG_WARN_STRICT_PROTOTYPES = YES;
				CLANG_WARN_SUSPICIOUS_MOVE = YES;
				CLANG_WARN_UNGUARDED_AVAILABILITY = YES_AGGRESSIVE;
				CLANG_WARN_UNREACHABLE_CODE = YES;
				CLANG_WARN__DUPLICATE_METHOD_MATCH = YES;
				COPY_PHASE_STRIP = NO;
				DEBUG_INFORMATION_FORMAT = "dwarf-with-dsym";
				ENABLE_NS_ASSERTIONS = NO;
				ENABLE_STRICT_OBJC_MSGSEND = YES;
				GCC_C_LANGUAGE_STANDARD = gnu11;
				GCC_NO_COMMON_BLOCKS = YES;
				GCC_WARN_64_TO_32_BIT_CONVERSION = YES;
				GCC_WARN_ABOUT_RETURN_TYPE = YES_ERROR;
				GCC_WARN_UNDECLARED_SELECTOR = YES;
				GCC_WARN_UNINITIALIZED_AUTOS = YES_AGGRESSIVE;
				GCC_WARN_UNUSED_FUNCTION = YES;
				GCC_WARN_UNUSED_VARIABLE = YES;
				IPHONEOS_DEPLOYMENT_TARGET = 15.0;
				MTL_ENABLE_DEBUG_INFO = NO;
				MTL_FAST_MATH = YES;
				SDKROOT = iphoneos;
				SWIFT_COMPILATION_MODE = wholemodule;
				SWIFT_OPTIMIZATION_LEVEL = "-O";
				VALIDATE_PRODUCT = YES;
			};
			name = Release;
		};
		FF4F45FB270C0ADD00C3A4D3 /* Debug */ = {
			isa = XCBuildConfiguration;
			buildSettings = {
				ASSETCATALOG_COMPILER_APPICON_NAME = AppIcon;
				ASSETCATALOG_COMPILER_GLOBAL_ACCENT_COLOR_NAME = AccentColor;
				CODE_SIGN_STYLE = Automatic;
				CURRENT_PROJECT_VERSION = 1;
				DEVELOPMENT_TEAM = Y535846H6P;
				GENERATE_INFOPLIST_FILE = YES;
				INFOPLIST_FILE = "Practice-Problem/Info.plist";
				INFOPLIST_KEY_CFBundleDisplayName = Practice;
				INFOPLIST_KEY_UIApplicationSupportsIndirectInputEvents = YES;
				INFOPLIST_KEY_UILaunchStoryboardName = LaunchScreen;
				INFOPLIST_KEY_UIMainStoryboardFile = Main;
				INFOPLIST_KEY_UISupportedInterfaceOrientations_iPad = "UIInterfaceOrientationPortrait UIInterfaceOrientationPortraitUpsideDown UIInterfaceOrientationLandscapeLeft UIInterfaceOrientationLandscapeRight";
				INFOPLIST_KEY_UISupportedInterfaceOrientations_iPhone = "UIInterfaceOrientationPortrait UIInterfaceOrientationLandscapeLeft UIInterfaceOrientationLandscapeRight";
				LD_RUNPATH_SEARCH_PATHS = (
					"$(inherited)",
					"@executable_path/Frameworks",
				);
				MARKETING_VERSION = 1.0;
				PRODUCT_BUNDLE_IDENTIFIER = "com.mikaelacaron.Practice-Problem";
				PRODUCT_NAME = "$(TARGET_NAME)";
				SWIFT_EMIT_LOC_STRINGS = YES;
				SWIFT_VERSION = 5.0;
				TARGETED_DEVICE_FAMILY = 1;
			};
			name = Debug;
		};
		FF4F45FC270C0ADD00C3A4D3 /* Release */ = {
			isa = XCBuildConfiguration;
			buildSettings = {
				ASSETCATALOG_COMPILER_APPICON_NAME = AppIcon;
				ASSETCATALOG_COMPILER_GLOBAL_ACCENT_COLOR_NAME = AccentColor;
				CODE_SIGN_STYLE = Automatic;
				CURRENT_PROJECT_VERSION = 1;
				DEVELOPMENT_TEAM = Y535846H6P;
				GENERATE_INFOPLIST_FILE = YES;
				INFOPLIST_FILE = "Practice-Problem/Info.plist";
				INFOPLIST_KEY_CFBundleDisplayName = Practice;
				INFOPLIST_KEY_UIApplicationSupportsIndirectInputEvents = YES;
				INFOPLIST_KEY_UILaunchStoryboardName = LaunchScreen;
				INFOPLIST_KEY_UIMainStoryboardFile = Main;
				INFOPLIST_KEY_UISupportedInterfaceOrientations_iPad = "UIInterfaceOrientationPortrait UIInterfaceOrientationPortraitUpsideDown UIInterfaceOrientationLandscapeLeft UIInterfaceOrientationLandscapeRight";
				INFOPLIST_KEY_UISupportedInterfaceOrientations_iPhone = "UIInterfaceOrientationPortrait UIInterfaceOrientationLandscapeLeft UIInterfaceOrientationLandscapeRight";
				LD_RUNPATH_SEARCH_PATHS = (
					"$(inherited)",
					"@executable_path/Frameworks",
				);
				MARKETING_VERSION = 1.0;
				PRODUCT_BUNDLE_IDENTIFIER = "com.mikaelacaron.Practice-Problem";
				PRODUCT_NAME = "$(TARGET_NAME)";
				SWIFT_EMIT_LOC_STRINGS = YES;
				SWIFT_VERSION = 5.0;
				TARGETED_DEVICE_FAMILY = 1;
			};
			name = Release;
		};
/* End XCBuildConfiguration section */

/* Begin XCConfigurationList section */
		FF4F45E1270C0ADB00C3A4D3 /* Build configuration list for PBXProject "Practice-Problem" */ = {
			isa = XCConfigurationList;
			buildConfigurations = (
				FF4F45F8270C0ADD00C3A4D3 /* Debug */,
				FF4F45F9270C0ADD00C3A4D3 /* Release */,
			);
			defaultConfigurationIsVisible = 0;
			defaultConfigurationName = Release;
		};
		FF4F45FA270C0ADD00C3A4D3 /* Build configuration list for PBXNativeTarget "Practice-Problem" */ = {
			isa = XCConfigurationList;
			buildConfigurations = (
				FF4F45FB270C0ADD00C3A4D3 /* Debug */,
				FF4F45FC270C0ADD00C3A4D3 /* Release */,
			);
			defaultConfigurationIsVisible = 0;
			defaultConfigurationName = Release;
		};
/* End XCConfigurationList section */
	};
	rootObject = FF4F45DE270C0ADB00C3A4D3 /* Project object */;
}
